
Microsoft Visual Studio Solution File, Format Version 12.00
# Visual Studio 15
VisualStudioVersion = 15.0.26020.0
MinimumVisualStudioVersion = 10.0.40219.1
Project("{FAE04EC0-301F-11D3-BF4B-00C04F79EFBC}") = "CrossPlatformBasicLoginSystem.Droid", "CrossPlatformBasicLoginSystem.Droid\CrossPlatformBasicLoginSystem.Droid.csproj", "{B2ECBDD8-38A1-4FEE-B80E-F9F02AB3C35E}"
EndProject
Project("{FAE04EC0-301F-11D3-BF4B-00C04F79EFBC}") = "CrossPlatformBasicLoginSystem", "CrossPlatformBasicLoginSystem\CrossPlatformBasicLoginSystem.csproj", "{EB26DD06-E02F-4E34-BDA2-3BB729F6E3F9}"
EndProject
Project("{FAE04EC0-301F-11D3-BF4B-00C04F79EFBC}") = "CrossPlatformBasicLoginSystem.iOS", "CrossPlatformBasicLoginSystem.iOS\CrossPlatformBasicLoginSystem.iOS.csproj", "{6E4E08E8-0A5E-456D-8B63-D40642A7E82A}"
EndProject
Project("{FAE04EC0-301F-11D3-BF4B-00C04F79EFBC}") = "CrossPlatformBasicLoginSystem.UWP", "CrossPlatformBasicLoginSystem.UWP\CrossPlatformBasicLoginSystem.UWP.csproj", "{78A44A72-69F8-4C7C-9ABA-FFADFCD6D687}"
EndProject
Global
	GlobalSection(SolutionConfigurationPlatforms) = preSolution
		Ad-Hoc|Any CPU = Ad-Hoc|Any CPU
		Ad-Hoc|ARM = Ad-Hoc|ARM
		Ad-Hoc|iPhone = Ad-Hoc|iPhone
		Ad-Hoc|iPhoneSimulator = Ad-Hoc|iPhoneSimulator
		Ad-Hoc|x64 = Ad-Hoc|x64
		Ad-Hoc|x86 = Ad-Hoc|x86
		AppStore|Any CPU = AppStore|Any CPU
		AppStore|ARM = AppStore|ARM
		AppStore|iPhone = AppStore|iPhone
		AppStore|iPhoneSimulator = AppStore|iPhoneSimulator
		AppStore|x64 = AppStore|x64
		AppStore|x86 = AppStore|x86
		Debug|Any CPU = Debug|Any CPU
		Debug|ARM = Debug|ARM
		Debug|iPhone = Debug|iPhone
		Debug|iPhoneSimulator = Debug|iPhoneSimulator
		Debug|x64 = Debug|x64
		Debug|x86 = Debug|x86
		Release|Any CPU = Release|Any CPU
		Release|ARM = Release|ARM
		Release|iPhone = Release|iPhone
		Release|iPhoneSimulator = Release|iPhoneSimulator
		Release|x64 = Release|x64
		Release|x86 = Release|x86
	EndGlobalSection
	GlobalSection(ProjectConfigurationPlatforms) = postSolution
		{B2ECBDD8-38A1-4FEE-B80E-F9F02AB3C35E}.Ad-Hoc|Any CPU.ActiveCfg = Release|Any CPU
		{B2ECBDD8-38A1-4FEE-B80E-F9F02AB3C35E}.Ad-Hoc|Any CPU.Build.0 = Release|Any CPU
		{B2ECBDD8-38A1-4FEE-B80E-F9F02AB3C35E}.Ad-Hoc|Any CPU.Deploy.0 = Release|Any CPU
		{B2ECBDD8-38A1-4FEE-B80E-F9F02AB3C35E}.Ad-Hoc|ARM.ActiveCfg = Release|Any CPU
		{B2ECBDD8-38A1-4FEE-B80E-F9F02AB3C35E}.Ad-Hoc|ARM.Build.0 = Release|Any CPU
		{B2ECBDD8-38A1-4FEE-B80E-F9F02AB3C35E}.Ad-Hoc|ARM.Deploy.0 = Release|Any CPU
		{B2ECBDD8-38A1-4FEE-B80E-F9F02AB3C35E}.Ad-Hoc|iPhone.ActiveCfg = Release|Any CPU
		{B2ECBDD8-38A1-4FEE-B80E-F9F02AB3C35E}.Ad-Hoc|iPhone.Build.0 = Release|Any CPU
		{B2ECBDD8-38A1-4FEE-B80E-F9F02AB3C35E}.Ad-Hoc|iPhone.Deploy.0 = Release|Any CPU
		{B2ECBDD8-38A1-4FEE-B80E-F9F02AB3C35E}.Ad-Hoc|iPhoneSimulator.ActiveCfg = Release|Any CPU
		{B2ECBDD8-38A1-4FEE-B80E-F9F02AB3C35E}.Ad-Hoc|iPhoneSimulator.Build.0 = Release|Any CPU
		{B2ECBDD8-38A1-4FEE-B80E-F9F02AB3C35E}.Ad-Hoc|iPhoneSimulator.Deploy.0 = Release|Any CPU
		{B2ECBDD8-38A1-4FEE-B80E-F9F02AB3C35E}.Ad-Hoc|x64.ActiveCfg = Release|Any CPU
		{B2ECBDD8-38A1-4FEE-B80E-F9F02AB3C35E}.Ad-Hoc|x64.Build.0 = Release|Any CPU
		{B2ECBDD8-38A1-4FEE-B80E-F9F02AB3C35E}.Ad-Hoc|x64.Deploy.0 = Release|Any CPU
		{B2ECBDD8-38A1-4FEE-B80E-F9F02AB3C35E}.Ad-Hoc|x86.ActiveCfg = Release|Any CPU
		{B2ECBDD8-38A1-4FEE-B80E-F9F02AB3C35E}.Ad-Hoc|x86.Build.0 = Release|Any CPU
		{B2ECBDD8-38A1-4FEE-B80E-F9F02AB3C35E}.Ad-Hoc|x86.Deploy.0 = Release|Any CPU
		{B2ECBDD8-38A1-4FEE-B80E-F9F02AB3C35E}.AppStore|Any CPU.ActiveCfg = Release|Any CPU
		{B2ECBDD8-38A1-4FEE-B80E-F9F02AB3C35E}.AppStore|Any CPU.Build.0 = Release|Any CPU
		{B2ECBDD8-38A1-4FEE-B80E-F9F02AB3C35E}.AppStore|Any CPU.Deploy.0 = Release|Any CPU
		{B2ECBDD8-38A1-4FEE-B80E-F9F02AB3C35E}.AppStore|ARM.ActiveCfg = Release|Any CPU
		{B2ECBDD8-38A1-4FEE-B80E-F9F02AB3C35E}.AppStore|ARM.Build.0 = Release|Any CPU
		{B2ECBDD8-38A1-4FEE-B80E-F9F02AB3C35E}.AppStore|ARM.Deploy.0 = Release|Any CPU
		{B2ECBDD8-38A1-4FEE-B80E-F9F02AB3C35E}.AppStore|iPhone.ActiveCfg = Release|Any CPU
		{B2ECBDD8-38A1-4FEE-B80E-F9F02AB3C35E}.AppStore|iPhone.Build.0 = Release|Any CPU
		{B2ECBDD8-38A1-4FEE-B80E-F9F02AB3C35E}.AppStore|iPhone.Deploy.0 = Release|Any CPU
		{B2ECBDD8-38A1-4FEE-B80E-F9F02AB3C35E}.AppStore|iPhoneSimulator.ActiveCfg = Release|Any CPU
		{B2ECBDD8-38A1-4FEE-B80E-F9F02AB3C35E}.AppStore|iPhoneSimulator.Build.0 = Release|Any CPU
		{B2ECBDD8-38A1-4FEE-B80E-F9F02AB3C35E}.AppStore|iPhoneSimulator.Deploy.0 = Release|Any CPU
		{B2ECBDD8-38A1-4FEE-B80E-F9F02AB3C35E}.AppStore|x64.ActiveCfg = Release|Any CPU
		{B2ECBDD8-38A1-4FEE-B80E-F9F02AB3C35E}.AppStore|x64.Build.0 = Release|Any CPU
		{B2ECBDD8-38A1-4FEE-B80E-F9F02AB3C35E}.AppStore|x64.Deploy.0 = Release|Any CPU
		{B2ECBDD8-38A1-4FEE-B80E-F9F02AB3C35E}.AppStore|x86.ActiveCfg = Release|Any CPU
		{B2ECBDD8-38A1-4FEE-B80E-F9F02AB3C35E}.AppStore|x86.Build.0 = Release|Any CPU
		{B2ECBDD8-38A1-4FEE-B80E-F9F02AB3C35E}.AppStore|x86.Deploy.0 = Release|Any CPU
		{B2ECBDD8-38A1-4FEE-B80E-F9F02AB3C35E}.Debug|Any CPU.ActiveCfg = Debug|Any CPU
		{B2ECBDD8-38A1-4FEE-B80E-F9F02AB3C35E}.Debug|Any CPU.Build.0 = Debug|Any CPU
		{B2ECBDD8-38A1-4FEE-B80E-F9F02AB3C35E}.Debug|Any CPU.Deploy.0 = Debug|Any CPU
		{B2ECBDD8-38A1-4FEE-B80E-F9F02AB3C35E}.Debug|ARM.ActiveCfg = Debug|Any CPU
		{B2ECBDD8-38A1-4FEE-B80E-F9F02AB3C35E}.Debug|ARM.Build.0 = Debug|Any CPU
		{B2ECBDD8-38A1-4FEE-B80E-F9F02AB3C35E}.Debug|ARM.Deploy.0 = Debug|Any CPU
		{B2ECBDD8-38A1-4FEE-B80E-F9F02AB3C35E}.Debug|iPhone.ActiveCfg = Debug|Any CPU
		{B2ECBDD8-38A1-4FEE-B80E-F9F02AB3C35E}.Debug|iPhone.Build.0 = Debug|Any CPU
		{B2ECBDD8-38A1-4FEE-B80E-F9F02AB3C35E}.Debug|iPhone.Deploy.0 = Debug|Any CPU
		{B2ECBDD8-38A1-4FEE-B80E-F9F02AB3C35E}.Debug|iPhoneSimulator.ActiveCfg = Debug|Any CPU
		{B2ECBDD8-38A1-4FEE-B80E-F9F02AB3C35E}.Debug|iPhoneSimulator.Build.0 = Debug|Any CPU
		{B2ECBDD8-38A1-4FEE-B80E-F9F02AB3C35E}.Debug|iPhoneSimulator.Deploy.0 = Debug|Any CPU
		{B2ECBDD8-38A1-4FEE-B80E-F9F02AB3C35E}.Debug|x64.ActiveCfg = Debug|Any CPU
		{B2ECBDD8-38A1-4FEE-B80E-F9F02AB3C35E}.Debug|x64.Build.0 = Debug|Any CPU
		{B2ECBDD8-38A1-4FEE-B80E-F9F02AB3C35E}.Debug|x64.Deploy.0 = Debug|Any CPU
		{B2ECBDD8-38A1-4FEE-B80E-F9F02AB3C35E}.Debug|x86.ActiveCfg = Debug|Any CPU
		{B2ECBDD8-38A1-4FEE-B80E-F9F02AB3C35E}.Debug|x86.Build.0 = Debug|Any CPU
		{B2ECBDD8-38A1-4FEE-B80E-F9F02AB3C35E}.Debug|x86.Deploy.0 = Debug|Any CPU
		{B2ECBDD8-38A1-4FEE-B80E-F9F02AB3C35E}.Release|Any CPU.ActiveCfg = Release|Any CPU
		{B2ECBDD8-38A1-4FEE-B80E-F9F02AB3C35E}.Release|Any CPU.Build.0 = Release|Any CPU
		{B2ECBDD8-38A1-4FEE-B80E-F9F02AB3C35E}.Release|Any CPU.Deploy.0 = Release|Any CPU
		{B2ECBDD8-38A1-4FEE-B80E-F9F02AB3C35E}.Release|ARM.ActiveCfg = Release|Any CPU
		{B2ECBDD8-38A1-4FEE-B80E-F9F02AB3C35E}.Release|ARM.Build.0 = Release|Any CPU
		{B2ECBDD8-38A1-4FEE-B80E-F9F02AB3C35E}.Release|ARM.Deploy.0 = Release|Any CPU
		{B2ECBDD8-38A1-4FEE-B80E-F9F02AB3C35E}.Release|iPhone.ActiveCfg = Release|Any CPU
		{B2ECBDD8-38A1-4FEE-B80E-F9F02AB3C35E}.Release|iPhone.Build.0 = Release|Any CPU
		{B2ECBDD8-38A1-4FEE-B80E-F9F02AB3C35E}.Release|iPhone.Deploy.0 = Release|Any CPU
		{B2ECBDD8-38A1-4FEE-B80E-F9F02AB3C35E}.Release|iPhoneSimulator.ActiveCfg = Release|Any CPU
		{B2ECBDD8-38A1-4FEE-B80E-F9F02AB3C35E}.Release|iPhoneSimulator.Build.0 = Release|Any CPU
		{B2ECBDD8-38A1-4FEE-B80E-F9F02AB3C35E}.Release|iPhoneSimulator.Deploy.0 = Release|Any CPU
		{B2ECBDD8-38A1-4FEE-B80E-F9F02AB3C35E}.Release|x64.ActiveCfg = Release|Any CPU
		{B2ECBDD8-38A1-4FEE-B80E-F9F02AB3C35E}.Release|x64.Build.0 = Release|Any CPU
		{B2ECBDD8-38A1-4FEE-B80E-F9F02AB3C35E}.Release|x64.Deploy.0 = Release|Any CPU
		{B2ECBDD8-38A1-4FEE-B80E-F9F02AB3C35E}.Release|x86.ActiveCfg = Release|Any CPU
		{B2ECBDD8-38A1-4FEE-B80E-F9F02AB3C35E}.Release|x86.Build.0 = Release|Any CPU
		{B2ECBDD8-38A1-4FEE-B80E-F9F02AB3C35E}.Release|x86.Deploy.0 = Release|Any CPU
		{EB26DD06-E02F-4E34-BDA2-3BB729F6E3F9}.Ad-Hoc|Any CPU.ActiveCfg = Release|Any CPU
		{EB26DD06-E02F-4E34-BDA2-3BB729F6E3F9}.Ad-Hoc|Any CPU.Build.0 = Release|Any CPU
		{EB26DD06-E02F-4E34-BDA2-3BB729F6E3F9}.Ad-Hoc|ARM.ActiveCfg = Release|Any CPU
		{EB26DD06-E02F-4E34-BDA2-3BB729F6E3F9}.Ad-Hoc|ARM.Build.0 = Release|Any CPU
		{EB26DD06-E02F-4E34-BDA2-3BB729F6E3F9}.Ad-Hoc|iPhone.ActiveCfg = Release|Any CPU
		{EB26DD06-E02F-4E34-BDA2-3BB729F6E3F9}.Ad-Hoc|iPhone.Build.0 = Release|Any CPU
		{EB26DD06-E02F-4E34-BDA2-3BB729F6E3F9}.Ad-Hoc|iPhoneSimulator.ActiveCfg = Release|Any CPU
		{EB26DD06-E02F-4E34-BDA2-3BB729F6E3F9}.Ad-Hoc|iPhoneSimulator.Build.0 = Release|Any CPU
		{EB26DD06-E02F-4E34-BDA2-3BB729F6E3F9}.Ad-Hoc|x64.ActiveCfg = Release|Any CPU
		{EB26DD06-E02F-4E34-BDA2-3BB729F6E3F9}.Ad-Hoc|x64.Build.0 = Release|Any CPU
		{EB26DD06-E02F-4E34-BDA2-3BB729F6E3F9}.Ad-Hoc|x86.ActiveCfg = Release|Any CPU
		{EB26DD06-E02F-4E34-BDA2-3BB729F6E3F9}.Ad-Hoc|x86.Build.0 = Release|Any CPU
		{EB26DD06-E02F-4E34-BDA2-3BB729F6E3F9}.AppStore|Any CPU.ActiveCfg = Release|Any CPU
		{EB26DD06-E02F-4E34-BDA2-3BB729F6E3F9}.AppStore|Any CPU.Build.0 = Release|Any CPU
		{EB26DD06-E02F-4E34-BDA2-3BB729F6E3F9}.AppStore|ARM.ActiveCfg = Release|Any CPU
		{EB26DD06-E02F-4E34-BDA2-3BB729F6E3F9}.AppStore|ARM.Build.0 = Release|Any CPU
		{EB26DD06-E02F-4E34-BDA2-3BB729F6E3F9}.AppStore|iPhone.ActiveCfg = Release|Any CPU
		{EB26DD06-E02F-4E34-BDA2-3BB729F6E3F9}.AppStore|iPhone.Build.0 = Release|Any CPU
		{EB26DD06-E02F-4E34-BDA2-3BB729F6E3F9}.AppStore|iPhoneSimulator.ActiveCfg = Release|Any CPU
		{EB26DD06-E02F-4E34-BDA2-3BB729F6E3F9}.AppStore|iPhoneSimulator.Build.0 = Release|Any CPU
		{EB26DD06-E02F-4E34-BDA2-3BB729F6E3F9}.AppStore|x64.ActiveCfg = Release|Any CPU
		{EB26DD06-E02F-4E34-BDA2-3BB729F6E3F9}.AppStore|x64.Build.0 = Release|Any CPU
		{EB26DD06-E02F-4E34-BDA2-3BB729F6E3F9}.AppStore|x86.ActiveCfg = Release|Any CPU
		{EB26DD06-E02F-4E34-BDA2-3BB729F6E3F9}.AppStore|x86.Build.0 = Release|Any CPU
		{EB26DD06-E02F-4E34-BDA2-3BB729F6E3F9}.Debug|Any CPU.ActiveCfg = Debug|Any CPU
		{EB26DD06-E02F-4E34-BDA2-3BB729F6E3F9}.Debug|Any CPU.Build.0 = Debug|Any CPU
		{EB26DD06-E02F-4E34-BDA2-3BB729F6E3F9}.Debug|ARM.ActiveCfg = Debug|Any CPU
		{EB26DD06-E02F-4E34-BDA2-3BB729F6E3F9}.Debug|ARM.Build.0 = Debug|Any CPU
		{EB26DD06-E02F-4E34-BDA2-3BB729F6E3F9}.Debug|iPhone.ActiveCfg = Debug|Any CPU
		{EB26DD06-E02F-4E34-BDA2-3BB729F6E3F9}.Debug|iPhone.Build.0 = Debug|Any CPU
		{EB26DD06-E02F-4E34-BDA2-3BB729F6E3F9}.Debug|iPhoneSimulator.ActiveCfg = Debug|Any CPU
		{EB26DD06-E02F-4E34-BDA2-3BB729F6E3F9}.Debug|iPhoneSimulator.Build.0 = Debug|Any CPU
		{EB26DD06-E02F-4E34-BDA2-3BB729F6E3F9}.Debug|x64.ActiveCfg = Debug|Any CPU
		{EB26DD06-E02F-4E34-BDA2-3BB729F6E3F9}.Debug|x64.Build.0 = Debug|Any CPU
		{EB26DD06-E02F-4E34-BDA2-3BB729F6E3F9}.Debug|x86.ActiveCfg = Debug|Any CPU
		{EB26DD06-E02F-4E34-BDA2-3BB729F6E3F9}.Debug|x86.Build.0 = Debug|Any CPU
		{EB26DD06-E02F-4E34-BDA2-3BB729F6E3F9}.Release|Any CPU.ActiveCfg = Release|Any CPU
		{EB26DD06-E02F-4E34-BDA2-3BB729F6E3F9}.Release|Any CPU.Build.0 = Release|Any CPU
		{EB26DD06-E02F-4E34-BDA2-3BB729F6E3F9}.Release|ARM.ActiveCfg = Release|Any CPU
		{EB26DD06-E02F-4E34-BDA2-3BB729F6E3F9}.Release|ARM.Build.0 = Release|Any CPU
		{EB26DD06-E02F-4E34-BDA2-3BB729F6E3F9}.Release|iPhone.ActiveCfg = Release|Any CPU
		{EB26DD06-E02F-4E34-BDA2-3BB729F6E3F9}.Release|iPhone.Build.0 = Release|Any CPU
		{EB26DD06-E02F-4E34-BDA2-3BB729F6E3F9}.Release|iPhoneSimulator.ActiveCfg = Release|Any CPU
		{EB26DD06-E02F-4E34-BDA2-3BB729F6E3F9}.Release|iPhoneSimulator.Build.0 = Release|Any CPU
		{EB26DD06-E02F-4E34-BDA2-3BB729F6E3F9}.Release|x64.ActiveCfg = Release|Any CPU
		{EB26DD06-E02F-4E34-BDA2-3BB729F6E3F9}.Release|x64.Build.0 = Release|Any CPU
		{EB26DD06-E02F-4E34-BDA2-3BB729F6E3F9}.Release|x86.ActiveCfg = Release|Any CPU
		{EB26DD06-E02F-4E34-BDA2-3BB729F6E3F9}.Release|x86.Build.0 = Release|Any CPU
		{6E4E08E8-0A5E-456D-8B63-D40642A7E82A}.Ad-Hoc|Any CPU.ActiveCfg = Ad-Hoc|iPhone
		{6E4E08E8-0A5E-456D-8B63-D40642A7E82A}.Ad-Hoc|ARM.ActiveCfg = Ad-Hoc|iPhone
		{6E4E08E8-0A5E-456D-8B63-D40642A7E82A}.Ad-Hoc|iPhone.ActiveCfg = Ad-Hoc|iPhone
		{6E4E08E8-0A5E-456D-8B63-D40642A7E82A}.Ad-Hoc|iPhone.Build.0 = Ad-Hoc|iPhone
		{6E4E08E8-0A5E-456D-8B63-D40642A7E82A}.Ad-Hoc|iPhoneSimulator.ActiveCfg = Ad-Hoc|iPhoneSimulator
		{6E4E08E8-0A5E-456D-8B63-D40642A7E82A}.Ad-Hoc|iPhoneSimulator.Build.0 = Ad-Hoc|iPhoneSimulator
		{6E4E08E8-0A5E-456D-8B63-D40642A7E82A}.Ad-Hoc|x64.ActiveCfg = Ad-Hoc|iPhone
		{6E4E08E8-0A5E-456D-8B63-D40642A7E82A}.Ad-Hoc|x86.ActiveCfg = Ad-Hoc|iPhone
		{6E4E08E8-0A5E-456D-8B63-D40642A7E82A}.AppStore|Any CPU.ActiveCfg = AppStore|iPhone
		{6E4E08E8-0A5E-456D-8B63-D40642A7E82A}.AppStore|ARM.ActiveCfg = AppStore|iPhone
		{6E4E08E8-0A5E-456D-8B63-D40642A7E82A}.AppStore|iPhone.ActiveCfg = AppStore|iPhone
		{6E4E08E8-0A5E-456D-8B63-D40642A7E82A}.AppStore|iPhone.Build.0 = AppStore|iPhone
		{6E4E08E8-0A5E-456D-8B63-D40642A7E82A}.AppStore|iPhoneSimulator.ActiveCfg = AppStore|iPhoneSimulator
		{6E4E08E8-0A5E-456D-8B63-D40642A7E82A}.AppStore|iPhoneSimulator.Build.0 = AppStore|iPhoneSimulator
		{6E4E08E8-0A5E-456D-8B63-D40642A7E82A}.AppStore|x64.ActiveCfg = AppStore|iPhone
		{6E4E08E8-0A5E-456D-8B63-D40642A7E82A}.AppStore|x86.ActiveCfg = AppStore|iPhone
		{6E4E08E8-0A5E-456D-8B63-D40642A7E82A}.Debug|Any CPU.ActiveCfg = Debug|iPhone
		{6E4E08E8-0A5E-456D-8B63-D40642A7E82A}.Debug|ARM.ActiveCfg = Debug|iPhone
		{6E4E08E8-0A5E-456D-8B63-D40642A7E82A}.Debug|iPhone.ActiveCfg = Debug|iPhone
		{6E4E08E8-0A5E-456D-8B63-D40642A7E82A}.Debug|iPhone.Build.0 = Debug|iPhone
		{6E4E08E8-0A5E-456D-8B63-D40642A7E82A}.Debug|iPhoneSimulator.ActiveCfg = Debug|iPhoneSimulator
		{6E4E08E8-0A5E-456D-8B63-D40642A7E82A}.Debug|iPhoneSimulator.Build.0 = Debug|iPhoneSimulator
		{6E4E08E8-0A5E-456D-8B63-D40642A7E82A}.Debug|x64.ActiveCfg = Debug|iPhone
		{6E4E08E8-0A5E-456D-8B63-D40642A7E82A}.Debug|x86.ActiveCfg = Debug|iPhone
		{6E4E08E8-0A5E-456D-8B63-D40642A7E82A}.Release|Any CPU.ActiveCfg = Release|iPhone
		{6E4E08E8-0A5E-456D-8B63-D40642A7E82A}.Release|ARM.ActiveCfg = Release|iPhone
		{6E4E08E8-0A5E-456D-8B63-D40642A7E82A}.Release|iPhone.ActiveCfg = Release|iPhone
		{6E4E08E8-0A5E-456D-8B63-D40642A7E82A}.Release|iPhone.Build.0 = Release|iPhone
		{6E4E08E8-0A5E-456D-8B63-D40642A7E82A}.Release|iPhoneSimulator.ActiveCfg = Release|iPhoneSimulator
		{6E4E08E8-0A5E-456D-8B63-D40642A7E82A}.Release|iPhoneSimulator.Build.0 = Release|iPhoneSimulator
		{6E4E08E8-0A5E-456D-8B63-D40642A7E82A}.Release|x64.ActiveCfg = Release|iPhone
		{6E4E08E8-0A5E-456D-8B63-D40642A7E82A}.Release|x86.ActiveCfg = Release|iPhone
		{78A44A72-69F8-4C7C-9ABA-FFADFCD6D687}.Ad-Hoc|Any CPU.ActiveCfg = Release|x86
		{78A44A72-69F8-4C7C-9ABA-FFADFCD6D687}.Ad-Hoc|Any CPU.Build.0 = Release|x86
		{78A44A72-69F8-4C7C-9ABA-FFADFCD6D687}.Ad-Hoc|Any CPU.Deploy.0 = Release|x86
		{78A44A72-69F8-4C7C-9ABA-FFADFCD6D687}.Ad-Hoc|ARM.ActiveCfg = Release|ARM
		{78A44A72-69F8-4C7C-9ABA-FFADFCD6D687}.Ad-Hoc|ARM.Build.0 = Release|ARM
		{78A44A72-69F8-4C7C-9ABA-FFADFCD6D687}.Ad-Hoc|ARM.Deploy.0 = Release|ARM
		{78A44A72-69F8-4C7C-9ABA-FFADFCD6D687}.Ad-Hoc|iPhone.ActiveCfg = Release|x86
		{78A44A72-69F8-4C7C-9ABA-FFADFCD6D687}.Ad-Hoc|iPhone.Build.0 = Release|x86
		{78A44A72-69F8-4C7C-9ABA-FFADFCD6D687}.Ad-Hoc|iPhone.Deploy.0 = Release|x86
		{78A44A72-69F8-4C7C-9ABA-FFADFCD6D687}.Ad-Hoc|iPhoneSimulator.ActiveCfg = Release|x86
		{78A44A72-69F8-4C7C-9ABA-FFADFCD6D687}.Ad-Hoc|iPhoneSimulator.Build.0 = Release|x86
		{78A44A72-69F8-4C7C-9ABA-FFADFCD6D687}.Ad-Hoc|iPhoneSimulator.Deploy.0 = Release|x86
		{78A44A72-69F8-4C7C-9ABA-FFADFCD6D687}.Ad-Hoc|x64.ActiveCfg = Release|x64
		{78A44A72-69F8-4C7C-9ABA-FFADFCD6D687}.Ad-Hoc|x64.Build.0 = Release|x64
		{78A44A72-69F8-4C7C-9ABA-FFADFCD6D687}.Ad-Hoc|x64.Deploy.0 = Release|x64
		{78A44A72-69F8-4C7C-9ABA-FFADFCD6D687}.Ad-Hoc|x86.ActiveCfg = Release|x86
		{78A44A72-69F8-4C7C-9ABA-FFADFCD6D687}.Ad-Hoc|x86.Build.0 = Release|x86
		{78A44A72-69F8-4C7C-9ABA-FFADFCD6D687}.Ad-Hoc|x86.Deploy.0 = Release|x86
		{78A44A72-69F8-4C7C-9ABA-FFADFCD6D687}.AppStore|Any CPU.ActiveCfg = Release|x86
		{78A44A72-69F8-4C7C-9ABA-FFADFCD6D687}.AppStore|Any CPU.Build.0 = Release|x86
		{78A44A72-69F8-4C7C-9ABA-FFADFCD6D687}.AppStore|Any CPU.Deploy.0 = Release|x86
		{78A44A72-69F8-4C7C-9ABA-FFADFCD6D687}.AppStore|ARM.ActiveCfg = Release|ARM
		{78A44A72-69F8-4C7C-9ABA-FFADFCD6D687}.AppStore|ARM.Build.0 = Release|ARM
		{78A44A72-69F8-4C7C-9ABA-FFADFCD6D687}.AppStore|ARM.Deploy.0 = Release|ARM
		{78A44A72-69F8-4C7C-9ABA-FFADFCD6D687}.AppStore|iPhone.ActiveCfg = Release|x86
		{78A44A72-69F8-4C7C-9ABA-FFADFCD6D687}.AppStore|iPhone.Build.0 = Release|x86
		{78A44A72-69F8-4C7C-9ABA-FFADFCD6D687}.AppStore|iPhone.Deploy.0 = Release|x86
		{78A44A72-69F8-4C7C-9ABA-FFADFCD6D687}.AppStore|iPhoneSimulator.ActiveCfg = Release|x86
		{78A44A72-69F8-4C7C-9ABA-FFADFCD6D687}.AppStore|iPhoneSimulator.Build.0 = Release|x86
		{78A44A72-69F8-4C7C-9ABA-FFADFCD6D687}.AppStore|iPhoneSimulator.Deploy.0 = Release|x86
		{78A44A72-69F8-4C7C-9ABA-FFADFCD6D687}.AppStore|x64.ActiveCfg = Release|x64
		{78A44A72-69F8-4C7C-9ABA-FFADFCD6D687}.AppStore|x64.Build.0 = Release|x64
		{78A44A72-69F8-4C7C-9ABA-FFADFCD6D687}.AppStore|x64.Deploy.0 = Release|x64
		{78A44A72-69F8-4C7C-9ABA-FFADFCD6D687}.AppStore|x86.ActiveCfg = Release|x86
		{78A44A72-69F8-4C7C-9ABA-FFADFCD6D687}.AppStore|x86.Build.0 = Release|x86
		{78A44A72-69F8-4C7C-9ABA-FFADFCD6D687}.AppStore|x86.Deploy.0 = Release|x86
		{78A44A72-69F8-4C7C-9ABA-FFADFCD6D687}.Debug|Any CPU.ActiveCfg = Debug|x86
		{78A44A72-69F8-4C7C-9ABA-FFADFCD6D687}.Debug|ARM.ActiveCfg = Debug|ARM
		{78A44A72-69F8-4C7C-9ABA-FFADFCD6D687}.Debug|ARM.Build.0 = Debug|ARM
		{78A44A72-69F8-4C7C-9ABA-FFADFCD6D687}.Debug|ARM.Deploy.0 = Debug|ARM
		{78A44A72-69F8-4C7C-9ABA-FFADFCD6D687}.Debug|iPhone.ActiveCfg = Debug|x86
		{78A44A72-69F8-4C7C-9ABA-FFADFCD6D687}.Debug|iPhoneSimulator.ActiveCfg = Debug|x86
		{78A44A72-69F8-4C7C-9ABA-FFADFCD6D687}.Debug|x64.ActiveCfg = Debug|x64
		{78A44A72-69F8-4C7C-9ABA-FFADFCD6D687}.Debug|x64.Build.0 = Debug|x64
		{78A44A72-69F8-4C7C-9ABA-FFADFCD6D687}.Debug|x64.Deploy.0 = Debug|x64
		{78A44A72-69F8-4C7C-9ABA-FFADFCD6D687}.Debug|x86.ActiveCfg = Debug|x86
		{78A44A72-69F8-4C7C-9ABA-FFADFCD6D687}.Debug|x86.Build.0 = Debug|x86
		{78A44A72-69F8-4C7C-9ABA-FFADFCD6D687}.Debug|x86.Deploy.0 = Debug|x86
		{78A44A72-69F8-4C7C-9ABA-FFADFCD6D687}.Release|Any CPU.ActiveCfg = Release|x86
		{78A44A72-69F8-4C7C-9ABA-FFADFCD6D687}.Release|ARM.ActiveCfg = Release|ARM
		{78A44A72-69F8-4C7C-9ABA-FFADFCD6D687}.Release|ARM.Build.0 = Release|ARM
		{78A44A72-69F8-4C7C-9ABA-FFADFCD6D687}.Release|ARM.Deploy.0 = Release|ARM
		{78A44A72-69F8-4C7C-9ABA-FFADFCD6D687}.Release|iPhone.ActiveCfg = Release|x86
		{78A44A72-69F8-4C7C-9ABA-FFADFCD6D687}.Release|iPhoneSimulator.ActiveCfg = Release|x86
		{78A44A72-69F8-4C7C-9ABA-FFADFCD6D687}.Release|x64.ActiveCfg = Release|x64
		{78A44A72-69F8-4C7C-9ABA-FFADFCD6D687}.Release|x64.Build.0 = Release|x64
		{78A44A72-69F8-4C7C-9ABA-FFADFCD6D687}.Release|x64.Deploy.0 = Release|x64
		{78A44A72-69F8-4C7C-9ABA-FFADFCD6D687}.Release|x86.ActiveCfg = Release|x86
		{78A44A72-69F8-4C7C-9ABA-FFADFCD6D687}.Release|x86.Build.0 = Release|x86
		{78A44A72-69F8-4C7C-9ABA-FFADFCD6D687}.Release|x86.Deploy.0 = Release|x86
	EndGlobalSection
	GlobalSection(SolutionProperties) = preSolution
		HideSolutionNode = FALSE
	EndGlobalSection
EndGlobal
